
Microsoft Visual Studio Solution File, Format Version 12.00
# Visual Studio 2012
Project("{FAE04EC0-301F-11D3-BF4B-00C04F79EFBC}") = "VsExt.AutoShelve", "VsExt.AutoShelve\VsExt.AutoShelve.csproj", "{7CF655F8-39FA-4797-A835-9867F154857F}"
EndProject
Project("{FAE04EC0-301F-11D3-BF4B-00C04F79EFBC}") = "VsExt.AutoShelve_IntegrationTests", "VsExt.AutoShelve\VsExt.AutoShelve_IntegrationTests\VsExt.AutoShelve_IntegrationTests.csproj", "{C96D2DFF-31F0-4752-8BA6-67AF02D0C589}"
EndProject
Project("{2150E333-8FDC-42A3-9474-1A3956D46DE8}") = "Solution Items", "Solution Items", "{923D33C5-79C8-4361-AFDC-C5846B0DEE34}"
	ProjectSection(SolutionItems) = preProject
		IntegrationTests.testsettings = IntegrationTests.testsettings
		UnitTests.testsettings = UnitTests.testsettings
	EndProjectSection
EndProject
Global
	GlobalSection(TeamFoundationVersionControl) = preSolution
		SccNumberOfProjects = 4
		SccEnterpriseProvider = {4CA58AB2-18FA-4F8D-95D4-32DDF27D184C}
		SccTeamFoundationServer = http://afw01vtfsprd01:8080/tfs/dyncorpsd
		SccLocalPath0 = .
		SccProjectUniqueName1 = VsExt.AutoShelve\\VsExt.AutoShelve.csproj
		SccProjectName1 = VsExt.AutoShelve
		SccLocalPath1 = VsExt.AutoShelve
		SccProjectUniqueName2 = VsExt.AutoShelve\\VsExt.AutoShelve_IntegrationTests\\VsExt.AutoShelve_IntegrationTests.csproj
		SccProjectName2 = VsExt.AutoShelve/VsExt.AutoShelve_IntegrationTests
		SccLocalPath2 = VsExt.AutoShelve\\VsExt.AutoShelve_IntegrationTests
		SccProjectUniqueName3 = VsExt.AutoShelve\\VsExt.AutoShelve_UnitTests\\VsExt.AutoShelve_UnitTests.csproj
		SccProjectName3 = VsExt.AutoShelve/VsExt.AutoShelve_UnitTests
		SccLocalPath3 = VsExt.AutoShelve\\VsExt.AutoShelve_UnitTests
	EndGlobalSection
	GlobalSection(SolutionConfigurationPlatforms) = preSolution
		Debug|Any CPU = Debug|Any CPU
		Release|Any CPU = Release|Any CPU
	EndGlobalSection
	GlobalSection(ProjectConfigurationPlatforms) = postSolution
		{7CF655F8-39FA-4797-A835-9867F154857F}.Debug|Any CPU.ActiveCfg = Debug|Any CPU
		{7CF655F8-39FA-4797-A835-9867F154857F}.Debug|Any CPU.Build.0 = Debug|Any CPU
		{7CF655F8-39FA-4797-A835-9867F154857F}.Release|Any CPU.ActiveCfg = Release|Any CPU
		{7CF655F8-39FA-4797-A835-9867F154857F}.Release|Any CPU.Build.0 = Release|Any CPU
		{C96D2DFF-31F0-4752-8BA6-67AF02D0C589}.Debug|Any CPU.ActiveCfg = Debug|Any CPU
		{C96D2DFF-31F0-4752-8BA6-67AF02D0C589}.Debug|Any CPU.Build.0 = Debug|Any CPU
		{C96D2DFF-31F0-4752-8BA6-67AF02D0C589}.Release|Any CPU.ActiveCfg = Release|Any CPU
		{C96D2DFF-31F0-4752-8BA6-67AF02D0C589}.Release|Any CPU.Build.0 = Release|Any CPU
	EndGlobalSection
	GlobalSection(SolutionProperties) = preSolution
		HideSolutionNode = FALSE
	EndGlobalSection
EndGlobal
